
Microsoft Visual Studio Solution File, Format Version 12.00
# Visual Studio Express 2012 for Web
Project("{FAE04EC0-301F-11D3-BF4B-00C04F79EFBC}") = "DemoMailer", "DemoMailer\DemoMailer.csproj", "{7C73BA45-90C1-44D4-880C-B2E2E28C9C03}"
EndProject
Global
	GlobalSection(SolutionConfigurationPlatforms) = preSolution
		Debug|Any CPU = Debug|Any CPU
		Release|Any CPU = Release|Any CPU
	EndGlobalSection
	GlobalSection(ProjectConfigurationPlatforms) = postSolution
		{7C73BA45-90C1-44D4-880C-B2E2E28C9C03}.Debug|Any CPU.ActiveCfg = Debug|Any CPU
		{7C73BA45-90C1-44D4-880C-B2E2E28C9C03}.Debug|Any CPU.Build.0 = Debug|Any CPU
		{7C73BA45-90C1-44D4-880C-B2E2E28C9C03}.Release|Any CPU.ActiveCfg = Release|Any CPU
		{7C73BA45-90C1-44D4-880C-B2E2E28C9C03}.Release|Any CPU.Build.0 = Release|Any CPU
	EndGlobalSection
	GlobalSection(SolutionProperties) = preSolution
		HideSolutionNode = FALSE
	EndGlobalSection
EndGlobal
